PODS:
  - AFNetworking (3.2.1):
    - AFNetworking/NSURLSession (= 3.2.1)
    - AFNetworking/Reachability (= 3.2.1)
    - AFNetworking/Security (= 3.2.1)
    - AFNetworking/Serialization (= 3.2.1)
    - AFNetworking/UIKit (= 3.2.1)
  - AFNetworking/NSURLSession (3.2.1):
    - AFNetworking/Reachability
    - AFNetworking/Security
    - AFNetworking/Serialization
  - AFNetworking/Reachability (3.2.1)
  - AFNetworking/Security (3.2.1)
  - AFNetworking/Serialization (3.2.1)
  - AFNetworking/UIKit (3.2.1):
    - AFNetworking/NSURLSession
  - SDWebImage (5.0.0-beta5):
    - SDWebImage/Core (= 5.0.0-beta5)
  - SDWebImage/Core (5.0.0-beta5)

DEPENDENCIES:
  - AFNetworking (~> 3.2.1)
  - SDWebImage (~> 5.0.0-beta5)

SPEC REPOS:
  https://github.com/CocoaPods/Specs.git:
    - AFNetworking
    - SDWebImage

SPEC CHECKSUMS:
  AFNetworking: b6f891fdfaed196b46c7a83cf209e09697b94057
  SDWebImage: fd609df53c0f55fdcd4705bd14c01c9d5c348d0c

PODFILE CHECKSUM: 5b7f5748394c1332f49aafc6a13b542adc8ffa89

COCOAPODS: 1.5.0
